
Microsoft Visual Studio Solution File, Format Version 12.00
# Visual Studio Version 17
VisualStudioVersion = 17.5.33424.131
MinimumVisualStudioVersion = 10.0.40219.1
Project("{FAE04EC0-301F-11D3-BF4B-00C04F79EFBC}") = "ScreenColorProbes", "ScreenColorProbes\ScreenColorProbes.csproj", "{CC998923-CFE8-4B7F-9E05-09734CF92FF3}"
EndProject
Global
	GlobalSection(SolutionConfigurationPlatforms) = preSolution
		Debug|Any CPU = Debug|Any CPU
		Debug|x64 = Debug|x64
		Portable|Any CPU = Portable|Any CPU
		Portable|x64 = Portable|x64
		Release|Any CPU = Release|Any CPU
		Release|x64 = Release|x64
	EndGlobalSection
	GlobalSection(ProjectConfigurationPlatforms) = postSolution
		{CC998923-CFE8-4B7F-9E05-09734CF92FF3}.Debug|Any CPU.ActiveCfg = Debug|Any CPU
		{CC998923-CFE8-4B7F-9E05-09734CF92FF3}.Debug|Any CPU.Build.0 = Debug|Any CPU
		{CC998923-CFE8-4B7F-9E05-09734CF92FF3}.Debug|x64.ActiveCfg = Debug|x64
		{CC998923-CFE8-4B7F-9E05-09734CF92FF3}.Debug|x64.Build.0 = Debug|x64
		{CC998923-CFE8-4B7F-9E05-09734CF92FF3}.Portable|Any CPU.ActiveCfg = Portable|Any CPU
		{CC998923-CFE8-4B7F-9E05-09734CF92FF3}.Portable|Any CPU.Build.0 = Portable|Any CPU
		{CC998923-CFE8-4B7F-9E05-09734CF92FF3}.Portable|x64.ActiveCfg = Portable|x64
		{CC998923-CFE8-4B7F-9E05-09734CF92FF3}.Portable|x64.Build.0 = Portable|x64
		{CC998923-CFE8-4B7F-9E05-09734CF92FF3}.Release|Any CPU.ActiveCfg = Release|Any CPU
		{CC998923-CFE8-4B7F-9E05-09734CF92FF3}.Release|Any CPU.Build.0 = Release|Any CPU
		{CC998923-CFE8-4B7F-9E05-09734CF92FF3}.Release|x64.ActiveCfg = Release|x64
		{CC998923-CFE8-4B7F-9E05-09734CF92FF3}.Release|x64.Build.0 = Release|x64
	EndGlobalSection
	GlobalSection(SolutionProperties) = preSolution
		HideSolutionNode = FALSE
	EndGlobalSection
	GlobalSection(ExtensibilityGlobals) = postSolution
		SolutionGuid = {7DE84E4C-A8C5-493A-B136-AFDD7E7D2C0B}
	EndGlobalSection
EndGlobal
